// !$*UTF8*$!
{
	archiveVersion = 1;
	classes = {
	};
	objectVersion = 46;
	objects = {

/* Begin PBXBuildFile section */
		832259151DB4EF920096477B /* PlaySoundsViewController+Audio.swift in Sources */ = {isa = PBXBuildFile; fileRef = 832259141DB4EF920096477B /* PlaySoundsViewController+Audio.swift */; };
		834D6B9F1D9B30DE009609A8 /* AppDelegate.swift in Sources */ = {isa = PBXBuildFile; fileRef = 834D6B9E1D9B30DE009609A8 /* AppDelegate.swift */; };
		834D6BA11D9B30DE009609A8 /* RecordSoundsViewController.swift in Sources */ = {isa = PBXBuildFile; fileRef = 834D6BA01D9B30DE009609A8 /* RecordSoundsViewController.swift */; };
		834D6BA41D9B30DE009609A8 /* Main.storyboard in Resources */ = {isa = PBXBuildFile; fileRef = 834D6BA21D9B30DE009609A8 /* Main.storyboard */; };
		834D6BA61D9B30DE009609A8 /* Assets.xcassets in Resources */ = {isa = PBXBuildFile; fileRef = 834D6BA51D9B30DE009609A8 /* Assets.xcassets */; };
		834D6BA91D9B30DE009609A8 /* LaunchScreen.storyboard in Resources */ = {isa = PBXBuildFile; fileRef = 834D6BA71D9B30DE009609A8 /* LaunchScreen.storyboard */; };
		834D6BB41D9B30DE009609A8 /* PitchPerfectTests.swift in Sources */ = {isa = PBXBuildFile; fileRef = 834D6BB31D9B30DE009609A8 /* PitchPerfectTests.swift */; };
		834D6BBF1D9B30DE009609A8 /* PitchPerfectUITests.swift in Sources */ = {isa = PBXBuildFile; fileRef = 834D6BBE1D9B30DE009609A8 /* PitchPerfectUITests.swift */; };
		DF67DEB71DA2ADC3006065FB /* PlaySoundsViewController.swift in Sources */ = {isa = PBXBuildFile; fileRef = DF67DEB61DA2ADC3006065FB /* PlaySoundsViewController.swift */; };
/* End PBXBuildFile section */

/* Begin PBXContainerItemProxy section */
		834D6BB01D9B30DE009609A8 /* PBXContainerItemProxy */ = {
			isa = PBXContainerItemProxy;
			containerPortal = 834D6B931D9B30DE009609A8 /* Project object */;
			proxyType = 1;
			remoteGlobalIDString = 834D6B9A1D9B30DE009609A8;
			remoteInfo = PitchPerfect;
		};
		834D6BBB1D9B30DE009609A8 /* PBXContainerItemProxy */ = {
			isa = PBXContainerItemProxy;
			containerPortal = 834D6B931D9B30DE009609A8 /* Project object */;
			proxyType = 1;
			remoteGlobalIDString = 834D6B9A1D9B30DE009609A8;
			remoteInfo = PitchPerfect;
		};
/* End PBXContainerItemProxy section */

/* Begin PBXFileReference section */
		832259141DB4EF920096477B /* PlaySoundsViewController+Audio.swift */ = {isa = PBXFileReference; fileEncoding = 4; lastKnownFileType = sourcecode.swift; name = "PlaySoundsViewController+Audio.swift"; path = "../../../../../Downloads/PlaySoundsViewController+Audio.swift"; sourceTree = "<group>"; };
		834D6B9B1D9B30DE009609A8 /* PitchPerfect.app */ = {isa = PBXFileReference; explicitFileType = wrapper.application; includeInIndex = 0; path = PitchPerfect.app; sourceTree = BUILT_PRODUCTS_DIR; };
		834D6B9E1D9B30DE009609A8 /* AppDelegate.swift */ = {isa = PBXFileReference; lastKnownFileType = sourcecode.swift; path = AppDelegate.swift; sourceTree = "<group>"; };
		834D6BA01D9B30DE009609A8 /* RecordSoundsViewController.swift */ = {isa = PBXFileReference; lastKnownFileType = sourcecode.swift; path = RecordSoundsViewController.swift; sourceTree = "<group>"; };
		834D6BA31D9B30DE009609A8 /* Base */ = {isa = PBXFileReference; lastKnownFileType = file.storyboard; name = Base; path = Base.lproj/Main.storyboard; sourceTree = "<group>"; };
		834D6BA51D9B30DE009609A8 /* Assets.xcassets */ = {isa = PBXFileReference; lastKnownFileType = folder.assetcatalog; path = Assets.xcassets; sourceTree = "<group>"; };
		834D6BA81D9B30DE009609A8 /* Base */ = {isa = PBXFileReference; lastKnownFileType = file.storyboard; name = Base; path = Base.lproj/LaunchScreen.storyboard; sourceTree = "<group>"; };
		834D6BAA1D9B30DE009609A8 /* Info.plist */ = {isa = PBXFileReference; lastKnownFileType = text.plist.xml; path = Info.plist; sourceTree = "<group>"; };
		834D6BAF1D9B30DE009609A8 /* PitchPerfectTests.xctest */ = {isa = PBXFileReference; explicitFileType = wrapper.cfbundle; includeInIndex = 0; path = PitchPerfectTests.xctest; sourceTree = BUILT_PRODUCTS_DIR; };
		834D6BB31D9B30DE009609A8 /* PitchPerfectTests.swift */ = {isa = PBXFileReference; lastKnownFileType = sourcecode.swift; path = PitchPerfectTests.swift; sourceTree = "<group>"; };
		834D6BB51D9B30DE009609A8 /* Info.plist */ = {isa = PBXFileReference; lastKnownFileType = text.plist.xml; path = Info.plist; sourceTree = "<group>"; };
		834D6BBA1D9B30DE009609A8 /* PitchPerfectUITests.xctest */ = {isa = PBXFileReference; explicitFileType = wrapper.cfbundle; includeInIndex = 0; path = PitchPerfectUITests.xctest; sourceTree = BUILT_PRODUCTS_DIR; };
		834D6BBE1D9B30DE009609A8 /* PitchPerfectUITests.swift */ = {isa = PBXFileReference; lastKnownFileType = sourcecode.swift; path = PitchPerfectUITests.swift; sourceTree = "<group>"; };
		834D6BC01D9B30DE009609A8 /* Info.plist */ = {isa = PBXFileReference; lastKnownFileType = text.plist.xml; path = Info.plist; sourceTree = "<group>"; };
		DF67DEB61DA2ADC3006065FB /* PlaySoundsViewController.swift */ = {isa = PBXFileReference; fileEncoding = 4; lastKnownFileType = sourcecode.swift; path = PlaySoundsViewController.swift; sourceTree = "<group>"; };
/* End PBXFileReference section */

/* Begin PBXFrameworksBuildPhase section */
		834D6B981D9B30DE009609A8 /* Frameworks */ = {
			isa = PBXFrameworksBuildPhase;
			buildActionMask = 2147483647;
			files = (
			);
			runOnlyForDeploymentPostprocessing = 0;
		};
		834D6BAC1D9B30DE009609A8 /* Frameworks */ = {
			isa = PBXFrameworksBuildPhase;
			buildActionMask = 2147483647;
			files = (
			);
			runOnlyForDeploymentPostprocessing = 0;
		};
		834D6BB71D9B30DE009609A8 /* Frameworks */ = {
			isa = PBXFrameworksBuildPhase;
			buildActionMask = 2147483647;
			files = (
			);
			runOnlyForDeploymentPostprocessing = 0;
		};
/* End PBXFrameworksBuildPhase section */

/* Begin PBXGroup section */
		834D6B921D9B30DE009609A8 = {
			isa = PBXGroup;
			children = (
				834D6B9D1D9B30DE009609A8 /* PitchPerfect */,
				834D6BB21D9B30DE009609A8 /* PitchPerfectTests */,
				834D6BBD1D9B30DE009609A8 /* PitchPerfectUITests */,
				834D6B9C1D9B30DE009609A8 /* Products */,
			);
			sourceTree = "<group>";
		};
		834D6B9C1D9B30DE009609A8 /* Products */ = {
			isa = PBXGroup;
			children = (
				834D6B9B1D9B30DE009609A8 /* PitchPerfect.app */,
				834D6BAF1D9B30DE009609A8 /* PitchPerfectTests.xctest */,
				834D6BBA1D9B30DE009609A8 /* PitchPerfectUITests.xctest */,
			);
			name = Products;
			sourceTree = "<group>";
		};
		834D6B9D1D9B30DE009609A8 /* PitchPerfect */ = {
			isa = PBXGroup;
			children = (
				832259141DB4EF920096477B /* PlaySoundsViewController+Audio.swift */,
				834D6B9E1D9B30DE009609A8 /* AppDelegate.swift */,
				834D6BA01D9B30DE009609A8 /* RecordSoundsViewController.swift */,
				DF67DEB61DA2ADC3006065FB /* PlaySoundsViewController.swift */,
				834D6BA21D9B30DE009609A8 /* Main.storyboard */,
				834D6BA51D9B30DE009609A8 /* Assets.xcassets */,
				834D6BA71D9B30DE009609A8 /* LaunchScreen.storyboard */,
				834D6BAA1D9B30DE009609A8 /* Info.plist */,
			);
			path = PitchPerfect;
			sourceTree = "<group>";
		};
		834D6BB21D9B30DE009609A8 /* PitchPerfectTests */ = {
			isa = PBXGroup;
			children = (
				834D6BB31D9B30DE009609A8 /* PitchPerfectTests.swift */,
				834D6BB51D9B30DE009609A8 /* Info.plist */,
			);
			path = PitchPerfectTests;
			sourceTree = "<group>";
		};
		834D6BBD1D9B30DE009609A8 /* PitchPerfectUITests */ = {
			isa = PBXGroup;
			children = (
				834D6BBE1D9B30DE009609A8 /* PitchPerfectUITests.swift */,
				834D6BC01D9B30DE009609A8 /* Info.plist */,
			);
			path = PitchPerfectUITests;
			sourceTree = "<group>";
		};
/* End PBXGroup section */

/* Begin PBXNativeTarget section */
		834D6B9A1D9B30DE009609A8 /* PitchPerfect */ = {
			isa = PBXNativeTarget;
			buildConfigurationList = 834D6BC31D9B30DE009609A8 /* Build configuration list for PBXNativeTarget "PitchPerfect" */;
			buildPhases = (
				834D6B971D9B30DE009609A8 /* Sources */,
				834D6B981D9B30DE009609A8 /* Frameworks */,
				834D6B991D9B30DE009609A8 /* Resources */,
			);
			buildRules = (
			);
			dependencies = (
			);
			name = PitchPerfect;
			productName = PitchPerfect;
			productReference = 834D6B9B1D9B30DE009609A8 /* PitchPerfect.app */;
			productType = "com.apple.product-type.application";
		};
		834D6BAE1D9B30DE009609A8 /* PitchPerfectTests */ = {
			isa = PBXNativeTarget;
			buildConfigurationList = 834D6BC61D9B30DE009609A8 /* Build configuration list for PBXNativeTarget "PitchPerfectTests" */;
			buildPhases = (
				834D6BAB1D9B30DE009609A8 /* Sources */,
				834D6BAC1D9B30DE009609A8 /* Frameworks */,
				834D6BAD1D9B30DE009609A8 /* Resources */,
			);
			buildRules = (
			);
			dependencies = (
				834D6BB11D9B30DE009609A8 /* PBXTargetDependency */,
			);
			name = PitchPerfectTests;
			productName = PitchPerfectTests;
			productReference = 834D6BAF1D9B30DE009609A8 /* PitchPerfectTests.xctest */;
			productType = "com.apple.product-type.bundle.unit-test";
		};
		834D6BB91D9B30DE009609A8 /* PitchPerfectUITests */ = {
			isa = PBXNativeTarget;
			buildConfigurationList = 834D6BC91D9B30DE009609A8 /* Build configuration list for PBXNativeTarget "PitchPerfectUITests" */;
			buildPhases = (
				834D6BB61D9B30DE009609A8 /* Sources */,
				834D6BB71D9B30DE009609A8 /* Frameworks */,
				834D6BB81D9B30DE009609A8 /* Resources */,
			);
			buildRules = (
			);
			dependencies = (
				834D6BBC1D9B30DE009609A8 /* PBXTargetDependency */,
			);
			name = PitchPerfectUITests;
			productName = PitchPerfectUITests;
			productReference = 834D6BBA1D9B30DE009609A8 /* PitchPerfectUITests.xctest */;
			productType = "com.apple.product-type.bundle.ui-testing";
		};
/* End PBXNativeTarget section */

/* Begin PBXProject section */
		834D6B931D9B30DE009609A8 /* Project object */ = {
			isa = PBXProject;
			attributes = {
				LastSwiftUpdateCheck = 0730;
				LastUpgradeCheck = 0800;
				ORGANIZATIONNAME = "Дмитрий Гордеев";
				TargetAttributes = {
					834D6B9A1D9B30DE009609A8 = {
						CreatedOnToolsVersion = 7.3.1;
						DevelopmentTeam = H7357LVD2N;
						LastSwiftMigration = 0800;
					};
					834D6BAE1D9B30DE009609A8 = {
						CreatedOnToolsVersion = 7.3.1;
						LastSwiftMigration = 0800;
						TestTargetID = 834D6B9A1D9B30DE009609A8;
					};
					834D6BB91D9B30DE009609A8 = {
						CreatedOnToolsVersion = 7.3.1;
						LastSwiftMigration = 0800;
						TestTargetID = 834D6B9A1D9B30DE009609A8;
					};
				};
			};
			buildConfigurationList = 834D6B961D9B30DE009609A8 /* Build configuration list for PBXProject "PitchPerfect" */;
			compatibilityVersion = "Xcode 3.2";
			developmentRegion = English;
			hasScannedForEncodings = 0;
			knownRegions = (
				en,
				Base,
			);
			mainGroup = 834D6B921D9B30DE009609A8;
			productRefGroup = 834D6B9C1D9B30DE009609A8 /* Products */;
			projectDirPath = "";
			projectRoot = "";
			targets = (
				834D6B9A1D9B30DE009609A8 /* PitchPerfect */,
				834D6BAE1D9B30DE009609A8 /* PitchPerfectTests */,
				834D6BB91D9B30DE009609A8 /* PitchPerfectUITests */,
			);
		};
/* End PBXProject section */

/* Begin PBXResourcesBuildPhase section */
		834D6B991D9B30DE009609A8 /* Resources */ = {
			isa = PBXResourcesBuildPhase;
			buildActionMask = 2147483647;
			files = (
				834D6BA91D9B30DE009609A8 /* LaunchScreen.storyboard in Resources */,
				834D6BA61D9B30DE009609A8 /* Assets.xcassets in Resources */,
				834D6BA41D9B30DE009609A8 /* Main.storyboard in Resources */,
			);
			runOnlyForDeploymentPostprocessing = 0;
		};
		834D6BAD1D9B30DE009609A8 /* Resources */ = {
			isa = PBXResourcesBuildPhase;
			buildActionMask = 2147483647;
			files = (
			);
			runOnlyForDeploymentPostprocessing = 0;
		};
		834D6BB81D9B30DE009609A8 /* Resources */ = {
			isa = PBXResourcesBuildPhase;
			buildActionMask = 2147483647;
			files = (
			);
			runOnlyForDeploymentPostprocessing = 0;
		};
/* End PBXResourcesBuildPhase section */

/* Begin PBXSourcesBuildPhase section */
		834D6B971D9B30DE009609A8 /* Sources */ = {
			isa = PBXSourcesBuildPhase;
			buildActionMask = 2147483647;
			files = (
				834D6BA11D9B30DE009609A8 /* RecordSoundsViewController.swift in Sources */,
				832259151DB4EF920096477B /* PlaySoundsViewController+Audio.swift in Sources */,
				DF67DEB71DA2ADC3006065FB /* PlaySoundsViewController.swift in Sources */,
				834D6B9F1D9B30DE009609A8 /* AppDelegate.swift in Sources */,
			);
			runOnlyForDeploymentPostprocessing = 0;
		};
		834D6BAB1D9B30DE009609A8 /* Sources */ = {
			isa = PBXSourcesBuildPhase;
			buildActionMask = 2147483647;
			files = (
				834D6BB41D9B30DE009609A8 /* PitchPerfectTests.swift in Sources */,
			);
			runOnlyForDeploymentPostprocessing = 0;
		};
		834D6BB61D9B30DE009609A8 /* Sources */ = {
			isa = PBXSourcesBuildPhase;
			buildActionMask = 2147483647;
			files = (
				834D6BBF1D9B30DE009609A8 /* PitchPerfectUITests.swift in Sources */,
			);
			runOnlyForDeploymentPostprocessing = 0;
		};
/* End PBXSourcesBuildPhase section */

/* Begin PBXTargetDependency section */
		834D6BB11D9B30DE009609A8 /* PBXTargetDependency */ = {
			isa = PBXTargetDependency;
			target = 834D6B9A1D9B30DE009609A8 /* PitchPerfect */;
			targetProxy = 834D6BB01D9B30DE009609A8 /* PBXContainerItemProxy */;
		};
		834D6BBC1D9B30DE009609A8 /* PBXTargetDependency */ = {
			isa = PBXTargetDependency;
			target = 834D6B9A1D9B30DE009609A8 /* PitchPerfect */;
			targetProxy = 834D6BBB1D9B30DE009609A8 /* PBXContainerItemProxy */;
		};
/* End PBXTargetDependency section */

/* Begin PBXVariantGroup section */
		834D6BA21D9B30DE009609A8 /* Main.storyboard */ = {
			isa = PBXVariantGroup;
			children = (
				834D6BA31D9B30DE009609A8 /* Base */,
			);
			name = Main.storyboard;
			sourceTree = "<group>";
		};
		834D6BA71D9B30DE009609A8 /* LaunchScreen.storyboard */ = {
			isa = PBXVariantGroup;
			children = (
				834D6BA81D9B30DE009609A8 /* Base */,
			);
			name = LaunchScreen.storyboard;
			sourceTree = "<group>";
		};
/* End PBXVariantGroup section */

/* Begin XCBuildConfiguration section */
		834D6BC11D9B30DE009609A8 /* Debug */ = {
			isa = XCBuildConfiguration;
			buildSettings = {
				ALWAYS_SEARCH_USER_PATHS = NO;
				CLANG_ANALYZER_NONNULL = YES;
				CLANG_CXX_LANGUAGE_STANDARD = "gnu++0x";
				CLANG_CXX_LIBRARY = "libc++";
				CLANG_ENABLE_MODULES = YES;
				CLANG_ENABLE_OBJC_ARC = YES;
				CLANG_WARN_BOOL_CONVERSION = YES;
				CLANG_WARN_CONSTANT_CONVERSION = YES;
				CLANG_WARN_DIRECT_OBJC_ISA_USAGE = YES_ERROR;
				CLANG_WARN_EMPTY_BODY = YES;
				CLANG_WARN_ENUM_CONVERSION = YES;
				CLANG_WARN_INFINITE_RECURSION = YES;
				CLANG_WARN_INT_CONVERSION = YES;
				CLANG_WARN_OBJC_ROOT_CLASS = YES_ERROR;
				CLANG_WARN_SUSPICIOUS_MOVE = YES;
				CLANG_WARN_UNREACHABLE_CODE = YES;
				CLANG_WARN__DUPLICATE_METHOD_MATCH = YES;
				"CODE_SIGN_IDENTITY[sdk=iphoneos*]" = "iPhone Developer";
				COPY_PHASE_STRIP = NO;
				DEBUG_INFORMATION_FORMAT = dwarf;
				ENABLE_STRICT_OBJC_MSGSEND = YES;
				ENABLE_TESTABILITY = YES;
				GCC_C_LANGUAGE_STANDARD = gnu99;
				GCC_DYNAMIC_NO_PIC = NO;
				GCC_NO_COMMON_BLOCKS = YES;
				GCC_OPTIMIZATION_LEVEL = 0;
				GCC_PREPROCESSOR_DEFINITIONS = (
					"DEBUG=1",
					"$(inherited)",
				);
				GCC_WARN_64_TO_32_BIT_CONVERSION = YES;
				GCC_WARN_ABOUT_RETURN_TYPE = YES_ERROR;
				GCC_WARN_UNDECLARED_SELECTOR = YES;
				GCC_WARN_UNINITIALIZED_AUTOS = YES_AGGRESSIVE;
				GCC_WARN_UNUSED_FUNCTION = YES;
				GCC_WARN_UNUSED_VARIABLE = YES;
				IPHONEOS_DEPLOYMENT_TARGET = 9.3;
				MTL_ENABLE_DEBUG_INFO = YES;
				ONLY_ACTIVE_ARCH = YES;
				SDKROOT = iphoneos;
				SWIFT_OPTIMIZATION_LEVEL = "-Onone";
				TARGETED_DEVICE_FAMILY = "1,2";
			};
			name = Debug;
		};
		834D6BC21D9B30DE009609A8 /* Release */ = {
			isa = XCBuildConfiguration;
			buildSettings = {
				ALWAYS_SEARCH_USER_PATHS = NO;
				CLANG_ANALYZER_NONNULL = YES;
				CLANG_CXX_LANGUAGE_STANDARD = "gnu++0x";
				CLANG_CXX_LIBRARY = "libc++";
				CLANG_ENABLE_MODULES = YES;
				CLANG_ENABLE_OBJC_ARC = YES;
				CLANG_WARN_BOOL_CONVERSION = YES;
				CLANG_WARN_CONSTANT_CONVERSION = YES;
				CLANG_WARN_DIRECT_OBJC_ISA_USAGE = YES_ERROR;
				CLANG_WARN_EMPTY_BODY = YES;
				CLANG_WARN_ENUM_CONVERSION = YES;
				CLANG_WARN_INFINITE_RECURSION = YES;
				CLANG_WARN_INT_CONVERSION = YES;
				CLANG_WARN_OBJC_ROOT_CLASS = YES_ERROR;
				CLANG_WARN_SUSPICIOUS_MOVE = YES;
				CLANG_WARN_UNREACHABLE_CODE = YES;
				CLANG_WARN__DUPLICATE_METHOD_MATCH = YES;
				"CODE_SIGN_IDENTITY[sdk=iphoneos*]" = "iPhone Developer";
				COPY_PHASE_STRIP = NO;
				DEBUG_INFORMATION_FORMAT = "dwarf-with-dsym";
				ENABLE_NS_ASSERTIONS = NO;
				ENABLE_STRICT_OBJC_MSGSEND = YES;
				GCC_C_LANGUAGE_STANDARD = gnu99;
				GCC_NO_COMMON_BLOCKS = YES;
				GCC_WARN_64_TO_32_BIT_CONVERSION = YES;
				GCC_WARN_ABOUT_RETURN_TYPE = YES_ERROR;
				GCC_WARN_UNDECLARED_SELECTOR = YES;
				GCC_WARN_UNINITIALIZED_AUTOS = YES_AGGRESSIVE;
				GCC_WARN_UNUSED_FUNCTION = YES;
				GCC_WARN_UNUSED_VARIABLE = YES;
				IPHONEOS_DEPLOYMENT_TARGET = 9.3;
				MTL_ENABLE_DEBUG_INFO = NO;
				SDKROOT = iphoneos;
				SWIFT_OPTIMIZATION_LEVEL = "-Owholemodule";
				TARGETED_DEVICE_FAMILY = "1,2";
				VALIDATE_PRODUCT = YES;
			};
			name = Release;
		};
		834D6BC41D9B30DE009609A8 /* Debug */ = {
			isa = XCBuildConfiguration;
			buildSettings = {
				ASSETCATALOG_COMPILER_APPICON_NAME = AppIcon;
				CODE_SIGN_IDENTITY = "iPhone Developer";
				"CODE_SIGN_IDENTITY[sdk=iphoneos*]" = "iPhone Developer";
				INFOPLIST_FILE = PitchPerfect/Info.plist;
				LD_RUNPATH_SEARCH_PATHS = "$(inherited) @executable_path/Frameworks";
				PRODUCT_BUNDLE_IDENTIFIER = com.nillsondg.PitchPerfect;
				PRODUCT_NAME = "$(TARGET_NAME)";
				PROVISIONING_PROFILE = "";
				SWIFT_VERSION = 3.0;
				TARGETED_DEVICE_FAMILY = 1;
			};
			name = Debug;
		};
		834D6BC51D9B30DE009609A8 /* Release */ = {
			isa = XCBuildConfiguration;
			buildSettings = {
				ASSETCATALOG_COMPILER_APPICON_NAME = AppIcon;
				CODE_SIGN_IDENTITY = "iPhone Developer";
				"CODE_SIGN_IDENTITY[sdk=iphoneos*]" = "iPhone Developer";
				INFOPLIST_FILE = PitchPerfect/Info.plist;
				LD_RUNPATH_SEARCH_PATHS = "$(inherited) @executable_path/Frameworks";
				PRODUCT_BUNDLE_IDENTIFIER = com.nillsondg.PitchPerfect;
				PRODUCT_NAME = "$(TARGET_NAME)";
				PROVISIONING_PROFILE = "";
				SWIFT_VERSION = 3.0;
				TARGETED_DEVICE_FAMILY = 1;
			};
			name = Release;
		};
		834D6BC71D9B30DE009609A8 /* Debug */ = {
			isa = XCBuildConfiguration;
			buildSettings = {
				BUNDLE_LOADER = "$(TEST_HOST)";
				INFOPLIST_FILE = PitchPerfectTests/Info.plist;
				LD_RUNPATH_SEARCH_PATHS = "$(inherited) @executable_path/Frameworks @loader_path/Frameworks";
				PRODUCT_BUNDLE_IDENTIFIER = com.nillsondg.PitchPerfectTests;
				PRODUCT_NAME = "$(TARGET_NAME)";
				SWIFT_VERSION = 3.0;
				TEST_HOST = "$(BUILT_PRODUCTS_DIR)/PitchPerfect.app/PitchPerfect";
			};
			name = Debug;
		};
		834D6BC81D9B30DE009609A8 /* Release */ = {
			isa = XCBuildConfiguration;
			buildSettings = {
				BUNDLE_LOADER = "$(TEST_HOST)";
				INFOPLIST_FILE = PitchPerfectTests/Info.plist;
				LD_RUNPATH_SEARCH_PATHS = "$(inherited) @executable_path/Frameworks @loader_path/Frameworks";
				PRODUCT_BUNDLE_IDENTIFIER = com.nillsondg.PitchPerfectTests;
				PRODUCT_NAME = "$(TARGET_NAME)";
				SWIFT_VERSION = 3.0;
				TEST_HOST = "$(BUILT_PRODUCTS_DIR)/PitchPerfect.app/PitchPerfect";
			};
			name = Release;
		};
		834D6BCA1D9B30DE009609A8 /* Debug */ = {
			isa = XCBuildConfiguration;
			buildSettings = {
				INFOPLIST_FILE = PitchPerfectUITests/Info.plist;
				LD_RUNPATH_SEARCH_PATHS = "$(inherited) @executable_path/Frameworks @loader_path/Frameworks";
				PRODUCT_BUNDLE_IDENTIFIER = com.nillsondg.PitchPerfectUITests;
				PRODUCT_NAME = "$(TARGET_NAME)";
				SWIFT_VERSION = 3.0;
				TEST_TARGET_NAME = PitchPerfect;
			};
			name = Debug;
		};
		834D6BCB1D9B30DE009609A8 /* Release */ = {
			isa = XCBuildConfiguration;
			buildSettings = {
				INFOPLIST_FILE = PitchPerfectUITests/Info.plist;
				LD_RUNPATH_SEARCH_PATHS = "$(inherited) @executable_path/Frameworks @loader_path/Frameworks";
				PRODUCT_BUNDLE_IDENTIFIER = com.nillsondg.PitchPerfectUITests;
				PRODUCT_NAME = "$(TARGET_NAME)";
				SWIFT_VERSION = 3.0;
				TEST_TARGET_NAME = PitchPerfect;
			};
			name = Release;
		};
/* End XCBuildConfiguration section */

/* Begin XCConfigurationList section */
		834D6B961D9B30DE009609A8 /* Build configuration list for PBXProject "PitchPerfect" */ = {
			isa = XCConfigurationList;
			buildConfigurations = (
				834D6BC11D9B30DE009609A8 /* Debug */,
				834D6BC21D9B30DE009609A8 /* Release */,
			);
			defaultConfigurationIsVisible = 0;
			defaultConfigurationName = Release;
		};
		834D6BC31D9B30DE009609A8 /* Build configuration list for PBXNativeTarget "PitchPerfect" */ = {
			isa = XCConfigurationList;
			buildConfigurations = (
				834D6BC41D9B30DE009609A8 /* Debug */,
				834D6BC51D9B30DE009609A8 /* Release */,
			);
			defaultConfigurationIsVisible = 0;
			defaultConfigurationName = Release;
		};
		834D6BC61D9B30DE009609A8 /* Build configuration list for PBXNativeTarget "PitchPerfectTests" */ = {
			isa = XCConfigurationList;
			buildConfigurations = (
				834D6BC71D9B30DE009609A8 /* Debug */,
				834D6BC81D9B30DE009609A8 /* Release */,
			);
			defaultConfigurationIsVisible = 0;
			defaultConfigurationName = Release;
		};
		834D6BC91D9B30DE009609A8 /* Build configuration list for PBXNativeTarget "PitchPerfectUITests" */ = {
			isa = XCConfigurationList;
			buildConfigurations = (
				834D6BCA1D9B30DE009609A8 /* Debug */,
				834D6BCB1D9B30DE009609A8 /* Release */,
			);
			defaultConfigurationIsVisible = 0;
			defaultConfigurationName = Release;
		};
/* End XCConfigurationList section */
	};
	rootObject = 834D6B931D9B30DE009609A8 /* Project object */;
}
